PODS:
  - Kiwi (2.4.0)
  - Masonry (1.0.2)
  - TYAlertView (0.1.1)

DEPENDENCIES:
  - Kiwi
  - Masonry
  - TYAlertView (from `../`)

EXTERNAL SOURCES:
  TYAlertView:
    :path: "../"

SPEC CHECKSUMS:
  Kiwi: f49c9d54b28917df5928fe44968a39ed198cb8a8
  Masonry: 7c429b56da9d4ee0bbb3ed77a5ea710d6a5df39e
  TYAlertView: 5dd26bb314f65b87fe15ab2d9b06276d42587fd7

PODFILE CHECKSUM: 764b74825bf7dc22972b6363a9420c38c4079b2f

COCOAPODS: 1.1.1
